
Microsoft Visual Studio Solution File, Format Version 12.00
# Visual Studio Version 17
VisualStudioVersion = 17.14.36121.58 d17.14
MinimumVisualStudioVersion = 10.0.40219.1
Project("{FAE04EC0-301F-11D3-BF4B-00C04F79EFBC}") = "QuanLyKhachSan", "QuanLyKhachSan\QuanLyKhachSan.csproj", "{24DF1DBD-79CB-4EC0-9B01-99E082E4285A}"
EndProject
Global
	GlobalSection(SolutionConfigurationPlatforms) = preSolution
		Debug|Any CPU = Debug|Any CPU
		Release|Any CPU = Release|Any CPU
	EndGlobalSection
	GlobalSection(ProjectConfigurationPlatforms) = postSolution
		{24DF1DBD-79CB-4EC0-9B01-99E082E4285A}.Debug|Any CPU.ActiveCfg = Debug|Any CPU
		{24DF1DBD-79CB-4EC0-9B01-99E082E4285A}.Debug|Any CPU.Build.0 = Debug|Any CPU
		{24DF1DBD-79CB-4EC0-9B01-99E082E4285A}.Release|Any CPU.ActiveCfg = Release|Any CPU
		{24DF1DBD-79CB-4EC0-9B01-99E082E4285A}.Release|Any CPU.Build.0 = Release|Any CPU
	EndGlobalSection
	GlobalSection(SolutionProperties) = preSolution
		HideSolutionNode = FALSE
	EndGlobalSection
	GlobalSection(ExtensibilityGlobals) = postSolution
		SolutionGuid = {A11A9C9F-BE08-4A1E-BDAE-F32446819150}
	EndGlobalSection
EndGlobal
